
Microsoft Visual Studio Solution File, Format Version 11.00
# Visual Studio 2010
Project("{FAE04EC0-301F-11D3-BF4B-00C04F79EFBC}") = "Assembly-CSharp", "Assembly-CSharp.csproj", "{B3F8A3D7-72BA-73B4-CEC0-49811FB08827}"
EndProject
Project("{FAE04EC0-301F-11D3-BF4B-00C04F79EFBC}") = "Assembly-CSharp-Editor", "Assembly-CSharp-Editor.csproj", "{76ECAD23-B4DD-6390-C671-818315653C43}"
EndProject
Global
	GlobalSection(SolutionConfigurationPlatforms) = preSolution
		Debug|Any CPU = Debug|Any CPU
		Release|Any CPU = Release|Any CPU
	EndGlobalSection
	GlobalSection(ProjectConfigurationPlatforms) = postSolution
		{B3F8A3D7-72BA-73B4-CEC0-49811FB08827}.Debug|Any CPU.ActiveCfg = Debug|Any CPU
		{B3F8A3D7-72BA-73B4-CEC0-49811FB08827}.Debug|Any CPU.Build.0 = Debug|Any CPU
		{B3F8A3D7-72BA-73B4-CEC0-49811FB08827}.Release|Any CPU.ActiveCfg = Release|Any CPU
		{B3F8A3D7-72BA-73B4-CEC0-49811FB08827}.Release|Any CPU.Build.0 = Release|Any CPU
		{76ECAD23-B4DD-6390-C671-818315653C43}.Debug|Any CPU.ActiveCfg = Debug|Any CPU
		{76ECAD23-B4DD-6390-C671-818315653C43}.Debug|Any CPU.Build.0 = Debug|Any CPU
		{76ECAD23-B4DD-6390-C671-818315653C43}.Release|Any CPU.ActiveCfg = Release|Any CPU
		{76ECAD23-B4DD-6390-C671-818315653C43}.Release|Any CPU.Build.0 = Release|Any CPU
	EndGlobalSection
	GlobalSection(SolutionProperties) = preSolution
		HideSolutionNode = FALSE
	EndGlobalSection
EndGlobal
